// !$*UTF8*$!
{
	archiveVersion = 1;
	classes = {
	};
	objectVersion = 56;
	objects = {

/* Begin PBXBuildFile section */
		55559B5B2924FB9200B58E1E /* StatusAppApp.swift in Sources */ = {isa = PBXBuildFile; fileRef = 55559B5A2924FB9200B58E1E /* StatusAppApp.swift */; };
		55559B5D2924FB9200B58E1E /* ContentView.swift in Sources */ = {isa = PBXBuildFile; fileRef = 55559B5C2924FB9200B58E1E /* ContentView.swift */; };
		55559B5F2924FB9300B58E1E /* Assets.xcassets in Resources */ = {isa = PBXBuildFile; fileRef = 55559B5E2924FB9300B58E1E /* Assets.xcassets */; };
		55559B622924FB9300B58E1E /* Preview Assets.xcassets in Resources */ = {isa = PBXBuildFile; fileRef = 55559B612924FB9300B58E1E /* Preview Assets.xcassets */; };
		55559B6D2924FDC100B58E1E /* Message.swift in Sources */ = {isa = PBXBuildFile; fileRef = 55559B6C2924FDC100B58E1E /* Message.swift */; };
		555F710F292515DA0029A9F5 /* UserRequest.swift in Sources */ = {isa = PBXBuildFile; fileRef = 555F710E292515DA0029A9F5 /* UserRequest.swift */; };
		556B96DD29263B1E00530946 /* DataState.swift in Sources */ = {isa = PBXBuildFile; fileRef = 556B96DC29263B1E00530946 /* DataState.swift */; };
		556B96DF29265A4000530946 /* ProfileView.swift in Sources */ = {isa = PBXBuildFile; fileRef = 556B96DE29265A4000530946 /* ProfileView.swift */; };
		55A553AB29250C9C000704FB /* User.swift in Sources */ = {isa = PBXBuildFile; fileRef = 55A553AA29250C9C000704FB /* User.swift */; };
		55A553B029250F09000704FB /* MessageRequest.swift in Sources */ = {isa = PBXBuildFile; fileRef = 55A553AF29250F09000704FB /* MessageRequest.swift */; };
		55DDEF122927A7B900D1E211 /* Config.plist in Resources */ = {isa = PBXBuildFile; fileRef = 55DDEF112927A7B900D1E211 /* Config.plist */; };
/* End PBXBuildFile section */

/* Begin PBXFileReference section */
		55559B572924FB9200B58E1E /* StatusApp.app */ = {isa = PBXFileReference; explicitFileType = wrapper.application; includeInIndex = 0; path = StatusApp.app; sourceTree = BUILT_PRODUCTS_DIR; };
		55559B5A2924FB9200B58E1E /* StatusAppApp.swift */ = {isa = PBXFileReference; lastKnownFileType = sourcecode.swift; path = StatusAppApp.swift; sourceTree = "<group>"; };
		55559B5C2924FB9200B58E1E /* ContentView.swift */ = {isa = PBXFileReference; lastKnownFileType = sourcecode.swift; path = ContentView.swift; sourceTree = "<group>"; };
		55559B5E2924FB9300B58E1E /* Assets.xcassets */ = {isa = PBXFileReference; lastKnownFileType = folder.assetcatalog; path = Assets.xcassets; sourceTree = "<group>"; };
		55559B612924FB9300B58E1E /* Preview Assets.xcassets */ = {isa = PBXFileReference; lastKnownFileType = folder.assetcatalog; path = "Preview Assets.xcassets"; sourceTree = "<group>"; };
		55559B6C2924FDC100B58E1E /* Message.swift */ = {isa = PBXFileReference; lastKnownFileType = sourcecode.swift; path = Message.swift; sourceTree = "<group>"; };
		555F710E292515DA0029A9F5 /* UserRequest.swift */ = {isa = PBXFileReference; lastKnownFileType = sourcecode.swift; path = UserRequest.swift; sourceTree = "<group>"; };
		556B96DC29263B1E00530946 /* DataState.swift */ = {isa = PBXFileReference; lastKnownFileType = sourcecode.swift; path = DataState.swift; sourceTree = "<group>"; };
		556B96DE29265A4000530946 /* ProfileView.swift */ = {isa = PBXFileReference; lastKnownFileType = sourcecode.swift; path = ProfileView.swift; sourceTree = "<group>"; };
		55A553AA29250C9C000704FB /* User.swift */ = {isa = PBXFileReference; lastKnownFileType = sourcecode.swift; path = User.swift; sourceTree = "<group>"; };
		55A553AF29250F09000704FB /* MessageRequest.swift */ = {isa = PBXFileReference; lastKnownFileType = sourcecode.swift; path = MessageRequest.swift; sourceTree = "<group>"; };
		55DDEF112927A7B900D1E211 /* Config.plist */ = {isa = PBXFileReference; lastKnownFileType = text.plist.xml; path = Config.plist; sourceTree = "<group>"; };
/* End PBXFileReference section */

/* Begin PBXFrameworksBuildPhase section */
		55559B542924FB9200B58E1E /* Frameworks */ = {
			isa = PBXFrameworksBuildPhase;
			buildActionMask = 2147483647;
			files = (
			);
			runOnlyForDeploymentPostprocessing = 0;
		};
/* End PBXFrameworksBuildPhase section */

/* Begin PBXGroup section */
		55559B4E2924FB9200B58E1E = {
			isa = PBXGroup;
			children = (
				55DDEF112927A7B900D1E211 /* Config.plist */,
				55559B592924FB9200B58E1E /* StatusApp */,
				55559B582924FB9200B58E1E /* Products */,
			);
			sourceTree = "<group>";
		};
		55559B582924FB9200B58E1E /* Products */ = {
			isa = PBXGroup;
			children = (
				55559B572924FB9200B58E1E /* StatusApp.app */,
			);
			name = Products;
			sourceTree = "<group>";
		};
		55559B592924FB9200B58E1E /* StatusApp */ = {
			isa = PBXGroup;
			children = (
				55559B6A2924FD3700B58E1E /* Presentation */,
				55559B6B2924FD3C00B58E1E /* Application */,
				55559B692924FD3100B58E1E /* Domain */,
				55559B682924FD2700B58E1E /* Infrastructure */,
				55559B5A2924FB9200B58E1E /* StatusAppApp.swift */,
				55559B5C2924FB9200B58E1E /* ContentView.swift */,
				55559B5E2924FB9300B58E1E /* Assets.xcassets */,
				55559B602924FB9300B58E1E /* Preview Content */,
			);
			path = StatusApp;
			sourceTree = "<group>";
		};
		55559B602924FB9300B58E1E /* Preview Content */ = {
			isa = PBXGroup;
			children = (
				55559B612924FB9300B58E1E /* Preview Assets.xcassets */,
			);
			path = "Preview Content";
			sourceTree = "<group>";
		};
		55559B682924FD2700B58E1E /* Infrastructure */ = {
			isa = PBXGroup;
			children = (
			);
			path = Infrastructure;
			sourceTree = "<group>";
		};
		55559B692924FD3100B58E1E /* Domain */ = {
			isa = PBXGroup;
			children = (
				55559B6C2924FDC100B58E1E /* Message.swift */,
				55A553AA29250C9C000704FB /* User.swift */,
				556B96DC29263B1E00530946 /* DataState.swift */,
			);
			path = Domain;
			sourceTree = "<group>";
		};
		55559B6A2924FD3700B58E1E /* Presentation */ = {
			isa = PBXGroup;
			children = (
				556B96DE29265A4000530946 /* ProfileView.swift */,
			);
			path = Presentation;
			sourceTree = "<group>";
		};
		55559B6B2924FD3C00B58E1E /* Application */ = {
			isa = PBXGroup;
			children = (
				55A553AF29250F09000704FB /* MessageRequest.swift */,
				555F710E292515DA0029A9F5 /* UserRequest.swift */,
			);
			path = Application;
			sourceTree = "<group>";
		};
/* End PBXGroup section */

/* Begin PBXNativeTarget section */
		55559B562924FB9200B58E1E /* StatusApp */ = {
			isa = PBXNativeTarget;
			buildConfigurationList = 55559B652924FB9300B58E1E /* Build configuration list for PBXNativeTarget "StatusApp" */;
			buildPhases = (
				55559B532924FB9200B58E1E /* Sources */,
				55559B542924FB9200B58E1E /* Frameworks */,
				55559B552924FB9200B58E1E /* Resources */,
			);
			buildRules = (
			);
			dependencies = (
			);
			name = StatusApp;
			packageProductDependencies = (
			);
			productName = StatusApp;
			productReference = 55559B572924FB9200B58E1E /* StatusApp.app */;
			productType = "com.apple.product-type.application";
		};
/* End PBXNativeTarget section */

/* Begin PBXProject section */
		55559B4F2924FB9200B58E1E /* Project object */ = {
			isa = PBXProject;
			attributes = {
				BuildIndependentTargetsInParallel = 1;
				LastSwiftUpdateCheck = 1400;
				LastUpgradeCheck = 1400;
				TargetAttributes = {
					55559B562924FB9200B58E1E = {
						CreatedOnToolsVersion = 14.0;
					};
				};
			};
			buildConfigurationList = 55559B522924FB9200B58E1E /* Build configuration list for PBXProject "StatusApp" */;
			compatibilityVersion = "Xcode 14.0";
			developmentRegion = en;
			hasScannedForEncodings = 0;
			knownRegions = (
				en,
				Base,
			);
			mainGroup = 55559B4E2924FB9200B58E1E;
			packageReferences = (
			);
			productRefGroup = 55559B582924FB9200B58E1E /* Products */;
			projectDirPath = "";
			projectRoot = "";
			targets = (
				55559B562924FB9200B58E1E /* StatusApp */,
			);
		};
/* End PBXProject section */

/* Begin PBXResourcesBuildPhase section */
		55559B552924FB9200B58E1E /* Resources */ = {
			isa = PBXResourcesBuildPhase;
			buildActionMask = 2147483647;
			files = (
				55559B622924FB9300B58E1E /* Preview Assets.xcassets in Resources */,
				55DDEF122927A7B900D1E211 /* Config.plist in Resources */,
				55559B5F2924FB9300B58E1E /* Assets.xcassets in Resources */,
			);
			runOnlyForDeploymentPostprocessing = 0;
		};
/* End PBXResourcesBuildPhase section */

/* Begin PBXSourcesBuildPhase section */
		55559B532924FB9200B58E1E /* Sources */ = {
			isa = PBXSourcesBuildPhase;
			buildActionMask = 2147483647;
			files = (
				556B96DF29265A4000530946 /* ProfileView.swift in Sources */,
				55A553AB29250C9C000704FB /* User.swift in Sources */,
				55559B6D2924FDC100B58E1E /* Message.swift in Sources */,
				556B96DD29263B1E00530946 /* DataState.swift in Sources */,
				555F710F292515DA0029A9F5 /* UserRequest.swift in Sources */,
				55559B5D2924FB9200B58E1E /* ContentView.swift in Sources */,
				55A553B029250F09000704FB /* MessageRequest.swift in Sources */,
				55559B5B2924FB9200B58E1E /* StatusAppApp.swift in Sources */,
			);
			runOnlyForDeploymentPostprocessing = 0;
		};
/* End PBXSourcesBuildPhase section */

/* Begin XCBuildConfiguration section */
		55559B632924FB9300B58E1E /* Debug */ = {
			isa = XCBuildConfiguration;
			buildSettings = {
				ALWAYS_SEARCH_USER_PATHS = NO;
				CLANG_ANALYZER_NONNULL = YES;
				CLANG_ANALYZER_NUMBER_OBJECT_CONVERSION = YES_AGGRESSIVE;
				CLANG_CXX_LANGUAGE_STANDARD = "gnu++20";
				CLANG_ENABLE_MODULES = YES;
				CLANG_ENABLE_OBJC_ARC = YES;
				CLANG_ENABLE_OBJC_WEAK = YES;
				CLANG_WARN_BLOCK_CAPTURE_AUTORELEASING = YES;
				CLANG_WARN_BOOL_CONVERSION = YES;
				CLANG_WARN_COMMA = YES;
				CLANG_WARN_CONSTANT_CONVERSION = YES;
				CLANG_WARN_DEPRECATED_OBJC_IMPLEMENTATIONS = YES;
				CLANG_WARN_DIRECT_OBJC_ISA_USAGE = YES_ERROR;
				CLANG_WARN_DOCUMENTATION_COMMENTS = YES;
				CLANG_WARN_EMPTY_BODY = YES;
				CLANG_WARN_ENUM_CONVERSION = YES;
				CLANG_WARN_INFINITE_RECURSION = YES;
				CLANG_WARN_INT_CONVERSION = YES;
				CLANG_WARN_NON_LITERAL_NULL_CONVERSION = YES;
				CLANG_WARN_OBJC_IMPLICIT_RETAIN_SELF = YES;
				CLANG_WARN_OBJC_LITERAL_CONVERSION = YES;
				CLANG_WARN_OBJC_ROOT_CLASS = YES_ERROR;
				CLANG_WARN_QUOTED_INCLUDE_IN_FRAMEWORK_HEADER = YES;
				CLANG_WARN_RANGE_LOOP_ANALYSIS = YES;
				CLANG_WARN_STRICT_PROTOTYPES = YES;
				CLANG_WARN_SUSPICIOUS_MOVE = YES;
				CLANG_WARN_UNGUARDED_AVAILABILITY = YES_AGGRESSIVE;
				CLANG_WARN_UNREACHABLE_CODE = YES;
				CLANG_WARN__DUPLICATE_METHOD_MATCH = YES;
				COPY_PHASE_STRIP = NO;
				DEBUG_INFORMATION_FORMAT = dwarf;
				ENABLE_STRICT_OBJC_MSGSEND = YES;
				ENABLE_TESTABILITY = YES;
				GCC_C_LANGUAGE_STANDARD = gnu11;
				GCC_DYNAMIC_NO_PIC = NO;
				GCC_NO_COMMON_BLOCKS = YES;
				GCC_OPTIMIZATION_LEVEL = 0;
				GCC_PREPROCESSOR_DEFINITIONS = (
					"DEBUG=1",
					"$(inherited)",
				);
				GCC_WARN_64_TO_32_BIT_CONVERSION = YES;
				GCC_WARN_ABOUT_RETURN_TYPE = YES_ERROR;
				GCC_WARN_UNDECLARED_SELECTOR = YES;
				GCC_WARN_UNINITIALIZED_AUTOS = YES_AGGRESSIVE;
				GCC_WARN_UNUSED_FUNCTION = YES;
				GCC_WARN_UNUSED_VARIABLE = YES;
				IPHONEOS_DEPLOYMENT_TARGET = 16.0;
				MTL_ENABLE_DEBUG_INFO = INCLUDE_SOURCE;
				MTL_FAST_MATH = YES;
				ONLY_ACTIVE_ARCH = YES;
				SDKROOT = iphoneos;
				SWIFT_ACTIVE_COMPILATION_CONDITIONS = DEBUG;
				SWIFT_OPTIMIZATION_LEVEL = "-Onone";
			};
			name = Debug;
		};
		55559B642924FB9300B58E1E /* Release */ = {
			isa = XCBuildConfiguration;
			buildSettings = {
				ALWAYS_SEARCH_USER_PATHS = NO;
				CLANG_ANALYZER_NONNULL = YES;
				CLANG_ANALYZER_NUMBER_OBJECT_CONVERSION = YES_AGGRESSIVE;
				CLANG_CXX_LANGUAGE_STANDARD = "gnu++20";
				CLANG_ENABLE_MODULES = YES;
				CLANG_ENABLE_OBJC_ARC = YES;
				CLANG_ENABLE_OBJC_WEAK = YES;
				CLANG_WARN_BLOCK_CAPTURE_AUTORELEASING = YES;
				CLANG_WARN_BOOL_CONVERSION = YES;
				CLANG_WARN_COMMA = YES;
				CLANG_WARN_CONSTANT_CONVERSION = YES;
				CLANG_WARN_DEPRECATED_OBJC_IMPLEMENTATIONS = YES;
				CLANG_WARN_DIRECT_OBJC_ISA_USAGE = YES_ERROR;
				CLANG_WARN_DOCUMENTATION_COMMENTS = YES;
				CLANG_WARN_EMPTY_BODY = YES;
				CLANG_WARN_ENUM_CONVERSION = YES;
				CLANG_WARN_INFINITE_RECURSION = YES;
				CLANG_WARN_INT_CONVERSION = YES;
				CLANG_WARN_NON_LITERAL_NULL_CONVERSION = YES;
				CLANG_WARN_OBJC_IMPLICIT_RETAIN_SELF = YES;
				CLANG_WARN_OBJC_LITERAL_CONVERSION = YES;
				CLANG_WARN_OBJC_ROOT_CLASS = YES_ERROR;
				CLANG_WARN_QUOTED_INCLUDE_IN_FRAMEWORK_HEADER = YES;
				CLANG_WARN_RANGE_LOOP_ANALYSIS = YES;
				CLANG_WARN_STRICT_PROTOTYPES = YES;
				CLANG_WARN_SUSPICIOUS_MOVE = YES;
				CLANG_WARN_UNGUARDED_AVAILABILITY = YES_AGGRESSIVE;
				CLANG_WARN_UNREACHABLE_CODE = YES;
				CLANG_WARN__DUPLICATE_METHOD_MATCH = YES;
				COPY_PHASE_STRIP = NO;
				DEBUG_INFORMATION_FORMAT = "dwarf-with-dsym";
				ENABLE_NS_ASSERTIONS = NO;
				ENABLE_STRICT_OBJC_MSGSEND = YES;
				GCC_C_LANGUAGE_STANDARD = gnu11;
				GCC_NO_COMMON_BLOCKS = YES;
				GCC_WARN_64_TO_32_BIT_CONVERSION = YES;
				GCC_WARN_ABOUT_RETURN_TYPE = YES_ERROR;
				GCC_WARN_UNDECLARED_SELECTOR = YES;
				GCC_WARN_UNINITIALIZED_AUTOS = YES_AGGRESSIVE;
				GCC_WARN_UNUSED_FUNCTION = YES;
				GCC_WARN_UNUSED_VARIABLE = YES;
				IPHONEOS_DEPLOYMENT_TARGET = 16.0;
				MTL_ENABLE_DEBUG_INFO = NO;
				MTL_FAST_MATH = YES;
				SDKROOT = iphoneos;
				SWIFT_COMPILATION_MODE = wholemodule;
				SWIFT_OPTIMIZATION_LEVEL = "-O";
				VALIDATE_PRODUCT = YES;
			};
			name = Release;
		};
		55559B662924FB9300B58E1E /* Debug */ = {
			isa = XCBuildConfiguration;
			buildSettings = {
				ASSETCATALOG_COMPILER_APPICON_NAME = AppIcon;
				ASSETCATALOG_COMPILER_GLOBAL_ACCENT_COLOR_NAME = AccentColor;
				CODE_SIGN_STYLE = Automatic;
				CURRENT_PROJECT_VERSION = 1;
				DEVELOPMENT_ASSET_PATHS = "\"StatusApp/Preview Content\"";
				DEVELOPMENT_TEAM = RL2G686AG6;
				ENABLE_PREVIEWS = YES;
				GENERATE_INFOPLIST_FILE = YES;
				INFOPLIST_KEY_UIApplicationSceneManifest_Generation = YES;
				INFOPLIST_KEY_UIApplicationSupportsIndirectInputEvents = YES;
				INFOPLIST_KEY_UILaunchScreen_Generation = YES;
				INFOPLIST_KEY_UISupportedInterfaceOrientations_iPad = "UIInterfaceOrientationPortrait UIInterfaceOrientationPortraitUpsideDown UIInterfaceOrientationLandscapeLeft UIInterfaceOrientationLandscapeRight";
				INFOPLIST_KEY_UISupportedInterfaceOrientations_iPhone = "UIInterfaceOrientationPortrait UIInterfaceOrientationLandscapeLeft UIInterfaceOrientationLandscapeRight";
				LD_RUNPATH_SEARCH_PATHS = (
					"$(inherited)",
					"@executable_path/Frameworks",
				);
				MARKETING_VERSION = 1.0;
				PRODUCT_BUNDLE_IDENTIFIER = parker.StatusApp;
				PRODUCT_NAME = "$(TARGET_NAME)";
				SWIFT_EMIT_LOC_STRINGS = YES;
				SWIFT_VERSION = 5.0;
				TARGETED_DEVICE_FAMILY = "1,2";
			};
			name = Debug;
		};
		55559B672924FB9300B58E1E /* Release */ = {
			isa = XCBuildConfiguration;
			buildSettings = {
				ASSETCATALOG_COMPILER_APPICON_NAME = AppIcon;
				ASSETCATALOG_COMPILER_GLOBAL_ACCENT_COLOR_NAME = AccentColor;
				CODE_SIGN_STYLE = Automatic;
				CURRENT_PROJECT_VERSION = 1;
				DEVELOPMENT_ASSET_PATHS = "\"StatusApp/Preview Content\"";
				DEVELOPMENT_TEAM = RL2G686AG6;
				ENABLE_PREVIEWS = YES;
				GENERATE_INFOPLIST_FILE = YES;
				INFOPLIST_KEY_UIApplicationSceneManifest_Generation = YES;
				INFOPLIST_KEY_UIApplicationSupportsIndirectInputEvents = YES;
				INFOPLIST_KEY_UILaunchScreen_Generation = YES;
				INFOPLIST_KEY_UISupportedInterfaceOrientations_iPad = "UIInterfaceOrientationPortrait UIInterfaceOrientationPortraitUpsideDown UIInterfaceOrientationLandscapeLeft UIInterfaceOrientationLandscapeRight";
				INFOPLIST_KEY_UISupportedInterfaceOrientations_iPhone = "UIInterfaceOrientationPortrait UIInterfaceOrientationLandscapeLeft UIInterfaceOrientationLandscapeRight";
				LD_RUNPATH_SEARCH_PATHS = (
					"$(inherited)",
					"@executable_path/Frameworks",
				);
				MARKETING_VERSION = 1.0;
				PRODUCT_BUNDLE_IDENTIFIER = parker.StatusApp;
				PRODUCT_NAME = "$(TARGET_NAME)";
				SWIFT_EMIT_LOC_STRINGS = YES;
				SWIFT_VERSION = 5.0;
				TARGETED_DEVICE_FAMILY = "1,2";
			};
			name = Release;
		};
/* End XCBuildConfiguration section */

/* Begin XCConfigurationList section */
		55559B522924FB9200B58E1E /* Build configuration list for PBXProject "StatusApp" */ = {
			isa = XCConfigurationList;
			buildConfigurations = (
				55559B632924FB9300B58E1E /* Debug */,
				55559B642924FB9300B58E1E /* Release */,
			);
			defaultConfigurationIsVisible = 0;
			defaultConfigurationName = Release;
		};
		55559B652924FB9300B58E1E /* Build configuration list for PBXNativeTarget "StatusApp" */ = {
			isa = XCConfigurationList;
			buildConfigurations = (
				55559B662924FB9300B58E1E /* Debug */,
				55559B672924FB9300B58E1E /* Release */,
			);
			defaultConfigurationIsVisible = 0;
			defaultConfigurationName = Release;
		};
/* End XCConfigurationList section */
	};
	rootObject = 55559B4F2924FB9200B58E1E /* Project object */;
}
