// !$*UTF8*$!
{
	archiveVersion = 1;
	classes = {
	};
	objectVersion = 56;
	objects = {

/* Begin PBXBuildFile section */
		5519E48D2A5C434E009D6812 /* AuthClient.swift in Sources */ = {isa = PBXBuildFile; fileRef = 5519E48C2A5C434E009D6812 /* AuthClient.swift */; };
		5519E48F2A5C438C009D6812 /* IAuthClient.swift in Sources */ = {isa = PBXBuildFile; fileRef = 5519E48E2A5C438C009D6812 /* IAuthClient.swift */; };
		5519E4912A5C4468009D6812 /* AuthService.swift in Sources */ = {isa = PBXBuildFile; fileRef = 5519E4902A5C4468009D6812 /* AuthService.swift */; };
		5519E4932A5C4735009D6812 /* FriendsClient.swift in Sources */ = {isa = PBXBuildFile; fileRef = 5519E4922A5C4735009D6812 /* FriendsClient.swift */; };
		5519E4952A5C474F009D6812 /* IFriendsClient.swift in Sources */ = {isa = PBXBuildFile; fileRef = 5519E4942A5C474F009D6812 /* IFriendsClient.swift */; };
		5519E4972A5C47CE009D6812 /* FriendsService.swift in Sources */ = {isa = PBXBuildFile; fileRef = 5519E4962A5C47CE009D6812 /* FriendsService.swift */; };
		5519E4992A5C4B84009D6812 /* UserService.swift in Sources */ = {isa = PBXBuildFile; fileRef = 5519E4982A5C4B84009D6812 /* UserService.swift */; };
		5519E49B2A5C4BA3009D6812 /* IUserClient.swift in Sources */ = {isa = PBXBuildFile; fileRef = 5519E49A2A5C4BA3009D6812 /* IUserClient.swift */; };
		5519E49D2A5C4C11009D6812 /* UserClient.swift in Sources */ = {isa = PBXBuildFile; fileRef = 5519E49C2A5C4C11009D6812 /* UserClient.swift */; };
		55490B9129291A35009E8363 /* FriendsStatusView.swift in Sources */ = {isa = PBXBuildFile; fileRef = 55490B9029291A35009E8363 /* FriendsStatusView.swift */; };
		55559B5B2924FB9200B58E1E /* StatusAppApp.swift in Sources */ = {isa = PBXBuildFile; fileRef = 55559B5A2924FB9200B58E1E /* StatusAppApp.swift */; };
		55559B5D2924FB9200B58E1E /* ContentView.swift in Sources */ = {isa = PBXBuildFile; fileRef = 55559B5C2924FB9200B58E1E /* ContentView.swift */; };
		55559B5F2924FB9300B58E1E /* Assets.xcassets in Resources */ = {isa = PBXBuildFile; fileRef = 55559B5E2924FB9300B58E1E /* Assets.xcassets */; };
		55559B622924FB9300B58E1E /* Preview Assets.xcassets in Resources */ = {isa = PBXBuildFile; fileRef = 55559B612924FB9300B58E1E /* Preview Assets.xcassets */; };
		55559B6D2924FDC100B58E1E /* Message.swift in Sources */ = {isa = PBXBuildFile; fileRef = 55559B6C2924FDC100B58E1E /* Message.swift */; };
		555B459A2A56DF25004696E5 /* MessagingClient.swift in Sources */ = {isa = PBXBuildFile; fileRef = 555B45992A56DF25004696E5 /* MessagingClient.swift */; };
		555B5D72292993E5006F2929 /* AddFriendView.swift in Sources */ = {isa = PBXBuildFile; fileRef = 555B5D71292993E5006F2929 /* AddFriendView.swift */; };
		555B5D76292997AF006F2929 /* Friendship.swift in Sources */ = {isa = PBXBuildFile; fileRef = 555B5D75292997AF006F2929 /* Friendship.swift */; };
		556B96DD29263B1E00530946 /* DataState.swift in Sources */ = {isa = PBXBuildFile; fileRef = 556B96DC29263B1E00530946 /* DataState.swift */; };
		556B96DF29265A4000530946 /* ProfileView.swift in Sources */ = {isa = PBXBuildFile; fileRef = 556B96DE29265A4000530946 /* ProfileView.swift */; };
		5597543A29DAFE23001A4E5A /* CreateUserDto.swift in Sources */ = {isa = PBXBuildFile; fileRef = 5597543929DAFE23001A4E5A /* CreateUserDto.swift */; };
		55A24029292E32C900F4956F /* SignalRClient in Frameworks */ = {isa = PBXBuildFile; productRef = 55A24028292E32C900F4956F /* SignalRClient */; };
		55A2402B292E32E400F4956F /* SignalRService.swift in Sources */ = {isa = PBXBuildFile; fileRef = 55A2402A292E32E400F4956F /* SignalRService.swift */; };
		55A553AB29250C9C000704FB /* User.swift in Sources */ = {isa = PBXBuildFile; fileRef = 55A553AA29250C9C000704FB /* User.swift */; };
		55A553B029250F09000704FB /* MessagingService.swift in Sources */ = {isa = PBXBuildFile; fileRef = 55A553AF29250F09000704FB /* MessagingService.swift */; };
		55BF70AD2A56E6FA00D259CD /* IMessagingClient.swift in Sources */ = {isa = PBXBuildFile; fileRef = 55BF70AC2A56E6FA00D259CD /* IMessagingClient.swift */; };
		55DDEF122927A7B900D1E211 /* Config.plist in Resources */ = {isa = PBXBuildFile; fileRef = 55DDEF112927A7B900D1E211 /* Config.plist */; };
		55DDEF162927C03C00D1E211 /* ChatView.swift in Sources */ = {isa = PBXBuildFile; fileRef = 55DDEF152927C03C00D1E211 /* ChatView.swift */; };
		55DDEF1C2927CB4800D1E211 /* StatusView.swift in Sources */ = {isa = PBXBuildFile; fileRef = 55DDEF1B2927CB4800D1E211 /* StatusView.swift */; };
		55E61A1A293B75E6002A61BD /* SignUpPasswordView.swift in Sources */ = {isa = PBXBuildFile; fileRef = 55E61A19293B75E6002A61BD /* SignUpPasswordView.swift */; };
		55E6AA382935F53000EB2B64 /* SignInUpView.swift in Sources */ = {isa = PBXBuildFile; fileRef = 55E6AA372935F53000EB2B64 /* SignInUpView.swift */; };
		55E6AA3A293603C000EB2B64 /* SignUpView.swift in Sources */ = {isa = PBXBuildFile; fileRef = 55E6AA39293603C000EB2B64 /* SignUpView.swift */; };
/* End PBXBuildFile section */

/* Begin PBXFileReference section */
		5519E48C2A5C434E009D6812 /* AuthClient.swift */ = {isa = PBXFileReference; lastKnownFileType = sourcecode.swift; path = AuthClient.swift; sourceTree = "<group>"; };
		5519E48E2A5C438C009D6812 /* IAuthClient.swift */ = {isa = PBXFileReference; fileEncoding = 4; lastKnownFileType = sourcecode.swift; path = IAuthClient.swift; sourceTree = "<group>"; };
		5519E4902A5C4468009D6812 /* AuthService.swift */ = {isa = PBXFileReference; fileEncoding = 4; lastKnownFileType = sourcecode.swift; path = AuthService.swift; sourceTree = "<group>"; };
		5519E4922A5C4735009D6812 /* FriendsClient.swift */ = {isa = PBXFileReference; fileEncoding = 4; lastKnownFileType = sourcecode.swift; path = FriendsClient.swift; sourceTree = "<group>"; };
		5519E4942A5C474F009D6812 /* IFriendsClient.swift */ = {isa = PBXFileReference; fileEncoding = 4; lastKnownFileType = sourcecode.swift; path = IFriendsClient.swift; sourceTree = "<group>"; };
		5519E4962A5C47CE009D6812 /* FriendsService.swift */ = {isa = PBXFileReference; lastKnownFileType = sourcecode.swift; path = FriendsService.swift; sourceTree = "<group>"; };
		5519E4982A5C4B84009D6812 /* UserService.swift */ = {isa = PBXFileReference; fileEncoding = 4; lastKnownFileType = sourcecode.swift; path = UserService.swift; sourceTree = "<group>"; };
		5519E49A2A5C4BA3009D6812 /* IUserClient.swift */ = {isa = PBXFileReference; fileEncoding = 4; lastKnownFileType = sourcecode.swift; path = IUserClient.swift; sourceTree = "<group>"; };
		5519E49C2A5C4C11009D6812 /* UserClient.swift */ = {isa = PBXFileReference; fileEncoding = 4; lastKnownFileType = sourcecode.swift; path = UserClient.swift; sourceTree = "<group>"; };
		55490B9029291A35009E8363 /* FriendsStatusView.swift */ = {isa = PBXFileReference; lastKnownFileType = sourcecode.swift; path = FriendsStatusView.swift; sourceTree = "<group>"; };
		55559B572924FB9200B58E1E /* StatusApp.app */ = {isa = PBXFileReference; explicitFileType = wrapper.application; includeInIndex = 0; path = StatusApp.app; sourceTree = BUILT_PRODUCTS_DIR; };
		55559B5A2924FB9200B58E1E /* StatusAppApp.swift */ = {isa = PBXFileReference; lastKnownFileType = sourcecode.swift; path = StatusAppApp.swift; sourceTree = "<group>"; };
		55559B5C2924FB9200B58E1E /* ContentView.swift */ = {isa = PBXFileReference; lastKnownFileType = sourcecode.swift; path = ContentView.swift; sourceTree = "<group>"; };
		55559B5E2924FB9300B58E1E /* Assets.xcassets */ = {isa = PBXFileReference; lastKnownFileType = folder.assetcatalog; path = Assets.xcassets; sourceTree = "<group>"; };
		55559B612924FB9300B58E1E /* Preview Assets.xcassets */ = {isa = PBXFileReference; lastKnownFileType = folder.assetcatalog; path = "Preview Assets.xcassets"; sourceTree = "<group>"; };
		55559B6C2924FDC100B58E1E /* Message.swift */ = {isa = PBXFileReference; lastKnownFileType = sourcecode.swift; path = Message.swift; sourceTree = "<group>"; };
		555B45992A56DF25004696E5 /* MessagingClient.swift */ = {isa = PBXFileReference; lastKnownFileType = sourcecode.swift; path = MessagingClient.swift; sourceTree = "<group>"; };
		555B5D71292993E5006F2929 /* AddFriendView.swift */ = {isa = PBXFileReference; lastKnownFileType = sourcecode.swift; path = AddFriendView.swift; sourceTree = "<group>"; };
		555B5D75292997AF006F2929 /* Friendship.swift */ = {isa = PBXFileReference; lastKnownFileType = sourcecode.swift; path = Friendship.swift; sourceTree = "<group>"; };
		556B96DC29263B1E00530946 /* DataState.swift */ = {isa = PBXFileReference; lastKnownFileType = sourcecode.swift; path = DataState.swift; sourceTree = "<group>"; };
		556B96DE29265A4000530946 /* ProfileView.swift */ = {isa = PBXFileReference; lastKnownFileType = sourcecode.swift; path = ProfileView.swift; sourceTree = "<group>"; };
		5597543929DAFE23001A4E5A /* CreateUserDto.swift */ = {isa = PBXFileReference; lastKnownFileType = sourcecode.swift; path = CreateUserDto.swift; sourceTree = "<group>"; };
		55A2402A292E32E400F4956F /* SignalRService.swift */ = {isa = PBXFileReference; lastKnownFileType = sourcecode.swift; path = SignalRService.swift; sourceTree = "<group>"; };
		55A553AA29250C9C000704FB /* User.swift */ = {isa = PBXFileReference; lastKnownFileType = sourcecode.swift; path = User.swift; sourceTree = "<group>"; };
		55A553AF29250F09000704FB /* MessagingService.swift */ = {isa = PBXFileReference; lastKnownFileType = sourcecode.swift; path = MessagingService.swift; sourceTree = "<group>"; };
		55BF70AC2A56E6FA00D259CD /* IMessagingClient.swift */ = {isa = PBXFileReference; lastKnownFileType = sourcecode.swift; path = IMessagingClient.swift; sourceTree = "<group>"; };
		55DDEF112927A7B900D1E211 /* Config.plist */ = {isa = PBXFileReference; lastKnownFileType = text.plist.xml; path = Config.plist; sourceTree = "<group>"; };
		55DDEF152927C03C00D1E211 /* ChatView.swift */ = {isa = PBXFileReference; lastKnownFileType = sourcecode.swift; path = ChatView.swift; sourceTree = "<group>"; };
		55DDEF1B2927CB4800D1E211 /* StatusView.swift */ = {isa = PBXFileReference; lastKnownFileType = sourcecode.swift; path = StatusView.swift; sourceTree = "<group>"; };
		55E61A19293B75E6002A61BD /* SignUpPasswordView.swift */ = {isa = PBXFileReference; lastKnownFileType = sourcecode.swift; path = SignUpPasswordView.swift; sourceTree = "<group>"; };
		55E6AA372935F53000EB2B64 /* SignInUpView.swift */ = {isa = PBXFileReference; lastKnownFileType = sourcecode.swift; path = SignInUpView.swift; sourceTree = "<group>"; };
		55E6AA39293603C000EB2B64 /* SignUpView.swift */ = {isa = PBXFileReference; lastKnownFileType = sourcecode.swift; path = SignUpView.swift; sourceTree = "<group>"; };
/* End PBXFileReference section */

/* Begin PBXFrameworksBuildPhase section */
		55559B542924FB9200B58E1E /* Frameworks */ = {
			isa = PBXFrameworksBuildPhase;
			buildActionMask = 2147483647;
			files = (
				55A24029292E32C900F4956F /* SignalRClient in Frameworks */,
			);
			runOnlyForDeploymentPostprocessing = 0;
		};
/* End PBXFrameworksBuildPhase section */

/* Begin PBXGroup section */
		55559B4E2924FB9200B58E1E = {
			isa = PBXGroup;
			children = (
				55DDEF112927A7B900D1E211 /* Config.plist */,
				55559B592924FB9200B58E1E /* StatusApp */,
				55559B582924FB9200B58E1E /* Products */,
			);
			sourceTree = "<group>";
		};
		55559B582924FB9200B58E1E /* Products */ = {
			isa = PBXGroup;
			children = (
				55559B572924FB9200B58E1E /* StatusApp.app */,
			);
			name = Products;
			sourceTree = "<group>";
		};
		55559B592924FB9200B58E1E /* StatusApp */ = {
			isa = PBXGroup;
			children = (
				55559B6B2924FD3C00B58E1E /* Application */,
				55559B692924FD3100B58E1E /* Domain */,
				55559B682924FD2700B58E1E /* Infrastructure */,
				55559B6A2924FD3700B58E1E /* Presentation */,
				55559B5E2924FB9300B58E1E /* Assets.xcassets */,
				55559B602924FB9300B58E1E /* Preview Content */,
			);
			path = StatusApp;
			sourceTree = "<group>";
		};
		55559B602924FB9300B58E1E /* Preview Content */ = {
			isa = PBXGroup;
			children = (
				55559B612924FB9300B58E1E /* Preview Assets.xcassets */,
			);
			path = "Preview Content";
			sourceTree = "<group>";
		};
		55559B682924FD2700B58E1E /* Infrastructure */ = {
			isa = PBXGroup;
			children = (
				555B45972A56DEF1004696E5 /* HttpClients */,
				55A2402A292E32E400F4956F /* SignalRService.swift */,
			);
			path = Infrastructure;
			sourceTree = "<group>";
		};
		55559B692924FD3100B58E1E /* Domain */ = {
			isa = PBXGroup;
			children = (
				5597543829DAFE18001A4E5A /* DTOs */,
				55559B6C2924FDC100B58E1E /* Message.swift */,
				55A553AA29250C9C000704FB /* User.swift */,
				556B96DC29263B1E00530946 /* DataState.swift */,
				555B5D75292997AF006F2929 /* Friendship.swift */,
			);
			path = Domain;
			sourceTree = "<group>";
		};
		55559B6A2924FD3700B58E1E /* Presentation */ = {
			isa = PBXGroup;
			children = (
				55BF70AE2A56EBCB00D259CD /* Views */,
				55559B5A2924FB9200B58E1E /* StatusAppApp.swift */,
				55559B5C2924FB9200B58E1E /* ContentView.swift */,
			);
			path = Presentation;
			sourceTree = "<group>";
		};
		55559B6B2924FD3C00B58E1E /* Application */ = {
			isa = PBXGroup;
			children = (
				55BF70AB2A56E6E100D259CD /* Interfaces */,
				555B45922A56DC14004696E5 /* Features */,
			);
			path = Application;
			sourceTree = "<group>";
		};
		555B45922A56DC14004696E5 /* Features */ = {
			isa = PBXGroup;
			children = (
				555B45962A56DD9E004696E5 /* Friends */,
				555B45952A56DD31004696E5 /* Messages */,
				555B45942A56DD0B004696E5 /* Login */,
				555B45932A56DC2E004696E5 /* User */,
			);
			path = Features;
			sourceTree = "<group>";
		};
		555B45932A56DC2E004696E5 /* User */ = {
			isa = PBXGroup;
			children = (
				5519E4982A5C4B84009D6812 /* UserService.swift */,
			);
			path = User;
			sourceTree = "<group>";
		};
		555B45942A56DD0B004696E5 /* Login */ = {
			isa = PBXGroup;
			children = (
				5519E4902A5C4468009D6812 /* AuthService.swift */,
			);
			path = Login;
			sourceTree = "<group>";
		};
		555B45952A56DD31004696E5 /* Messages */ = {
			isa = PBXGroup;
			children = (
				55A553AF29250F09000704FB /* MessagingService.swift */,
			);
			path = Messages;
			sourceTree = "<group>";
		};
		555B45962A56DD9E004696E5 /* Friends */ = {
			isa = PBXGroup;
			children = (
				5519E4962A5C47CE009D6812 /* FriendsService.swift */,
			);
			path = Friends;
			sourceTree = "<group>";
		};
		555B45972A56DEF1004696E5 /* HttpClients */ = {
			isa = PBXGroup;
			children = (
				555B45992A56DF25004696E5 /* MessagingClient.swift */,
				5519E48C2A5C434E009D6812 /* AuthClient.swift */,
				5519E49C2A5C4C11009D6812 /* UserClient.swift */,
				5519E4922A5C4735009D6812 /* FriendsClient.swift */,
			);
			path = HttpClients;
			sourceTree = "<group>";
		};
		5597543829DAFE18001A4E5A /* DTOs */ = {
			isa = PBXGroup;
			children = (
				5597543929DAFE23001A4E5A /* CreateUserDto.swift */,
			);
			path = DTOs;
			sourceTree = "<group>";
		};
		55BF70AB2A56E6E100D259CD /* Interfaces */ = {
			isa = PBXGroup;
			children = (
				55BF70AC2A56E6FA00D259CD /* IMessagingClient.swift */,
				5519E48E2A5C438C009D6812 /* IAuthClient.swift */,
				5519E4942A5C474F009D6812 /* IFriendsClient.swift */,
				5519E49A2A5C4BA3009D6812 /* IUserClient.swift */,
			);
			path = Interfaces;
			sourceTree = "<group>";
		};
		55BF70AE2A56EBCB00D259CD /* Views */ = {
			isa = PBXGroup;
			children = (
				556B96DE29265A4000530946 /* ProfileView.swift */,
				55DDEF152927C03C00D1E211 /* ChatView.swift */,
				55DDEF1B2927CB4800D1E211 /* StatusView.swift */,
				55490B9029291A35009E8363 /* FriendsStatusView.swift */,
				555B5D71292993E5006F2929 /* AddFriendView.swift */,
				55E6AA372935F53000EB2B64 /* SignInUpView.swift */,
				55E6AA39293603C000EB2B64 /* SignUpView.swift */,
				55E61A19293B75E6002A61BD /* SignUpPasswordView.swift */,
			);
			path = Views;
			sourceTree = "<group>";
		};
/* End PBXGroup section */

/* Begin PBXNativeTarget section */
		55559B562924FB9200B58E1E /* StatusApp */ = {
			isa = PBXNativeTarget;
			buildConfigurationList = 55559B652924FB9300B58E1E /* Build configuration list for PBXNativeTarget "StatusApp" */;
			buildPhases = (
				55559B532924FB9200B58E1E /* Sources */,
				55559B542924FB9200B58E1E /* Frameworks */,
				55559B552924FB9200B58E1E /* Resources */,
			);
			buildRules = (
			);
			dependencies = (
			);
			name = StatusApp;
			packageProductDependencies = (
				55A24028292E32C900F4956F /* SignalRClient */,
			);
			productName = StatusApp;
			productReference = 55559B572924FB9200B58E1E /* StatusApp.app */;
			productType = "com.apple.product-type.application";
		};
/* End PBXNativeTarget section */

/* Begin PBXProject section */
		55559B4F2924FB9200B58E1E /* Project object */ = {
			isa = PBXProject;
			attributes = {
				BuildIndependentTargetsInParallel = 1;
				LastSwiftUpdateCheck = 1400;
				LastUpgradeCheck = 1400;
				TargetAttributes = {
					55559B562924FB9200B58E1E = {
						CreatedOnToolsVersion = 14.0;
					};
				};
			};
			buildConfigurationList = 55559B522924FB9200B58E1E /* Build configuration list for PBXProject "StatusApp" */;
			compatibilityVersion = "Xcode 14.0";
			developmentRegion = en;
			hasScannedForEncodings = 0;
			knownRegions = (
				en,
				Base,
			);
			mainGroup = 55559B4E2924FB9200B58E1E;
			packageReferences = (
				55A24027292E32C900F4956F /* XCRemoteSwiftPackageReference "SignalR-Client-Swift" */,
			);
			productRefGroup = 55559B582924FB9200B58E1E /* Products */;
			projectDirPath = "";
			projectRoot = "";
			targets = (
				55559B562924FB9200B58E1E /* StatusApp */,
			);
		};
/* End PBXProject section */

/* Begin PBXResourcesBuildPhase section */
		55559B552924FB9200B58E1E /* Resources */ = {
			isa = PBXResourcesBuildPhase;
			buildActionMask = 2147483647;
			files = (
				55559B622924FB9300B58E1E /* Preview Assets.xcassets in Resources */,
				55DDEF122927A7B900D1E211 /* Config.plist in Resources */,
				55559B5F2924FB9300B58E1E /* Assets.xcassets in Resources */,
			);
			runOnlyForDeploymentPostprocessing = 0;
		};
/* End PBXResourcesBuildPhase section */

/* Begin PBXSourcesBuildPhase section */
		55559B532924FB9200B58E1E /* Sources */ = {
			isa = PBXSourcesBuildPhase;
			buildActionMask = 2147483647;
			files = (
				556B96DF29265A4000530946 /* ProfileView.swift in Sources */,
				5519E4952A5C474F009D6812 /* IFriendsClient.swift in Sources */,
				555B459A2A56DF25004696E5 /* MessagingClient.swift in Sources */,
				55A553AB29250C9C000704FB /* User.swift in Sources */,
				55E6AA3A293603C000EB2B64 /* SignUpView.swift in Sources */,
				555B5D72292993E5006F2929 /* AddFriendView.swift in Sources */,
				55DDEF1C2927CB4800D1E211 /* StatusView.swift in Sources */,
				5519E4972A5C47CE009D6812 /* FriendsService.swift in Sources */,
				5519E49D2A5C4C11009D6812 /* UserClient.swift in Sources */,
				5519E4932A5C4735009D6812 /* FriendsClient.swift in Sources */,
				55DDEF162927C03C00D1E211 /* ChatView.swift in Sources */,
				55559B6D2924FDC100B58E1E /* Message.swift in Sources */,
				5519E48F2A5C438C009D6812 /* IAuthClient.swift in Sources */,
				55490B9129291A35009E8363 /* FriendsStatusView.swift in Sources */,
				556B96DD29263B1E00530946 /* DataState.swift in Sources */,
				5519E4992A5C4B84009D6812 /* UserService.swift in Sources */,
				55E6AA382935F53000EB2B64 /* SignInUpView.swift in Sources */,
				55A2402B292E32E400F4956F /* SignalRService.swift in Sources */,
				55BF70AD2A56E6FA00D259CD /* IMessagingClient.swift in Sources */,
				55E61A1A293B75E6002A61BD /* SignUpPasswordView.swift in Sources */,
				5597543A29DAFE23001A4E5A /* CreateUserDto.swift in Sources */,
				5519E48D2A5C434E009D6812 /* AuthClient.swift in Sources */,
				5519E4912A5C4468009D6812 /* AuthService.swift in Sources */,
				55559B5D2924FB9200B58E1E /* ContentView.swift in Sources */,
				55A553B029250F09000704FB /* MessagingService.swift in Sources */,
				55559B5B2924FB9200B58E1E /* StatusAppApp.swift in Sources */,
				5519E49B2A5C4BA3009D6812 /* IUserClient.swift in Sources */,
				555B5D76292997AF006F2929 /* Friendship.swift in Sources */,
			);
			runOnlyForDeploymentPostprocessing = 0;
		};
/* End PBXSourcesBuildPhase section */

/* Begin XCBuildConfiguration section */
		55559B632924FB9300B58E1E /* Debug */ = {
			isa = XCBuildConfiguration;
			buildSettings = {
				ALWAYS_SEARCH_USER_PATHS = NO;
				CLANG_ANALYZER_NONNULL = YES;
				CLANG_ANALYZER_NUMBER_OBJECT_CONVERSION = YES_AGGRESSIVE;
				CLANG_CXX_LANGUAGE_STANDARD = "gnu++20";
				CLANG_ENABLE_MODULES = YES;
				CLANG_ENABLE_OBJC_ARC = YES;
				CLANG_ENABLE_OBJC_WEAK = YES;
				CLANG_WARN_BLOCK_CAPTURE_AUTORELEASING = YES;
				CLANG_WARN_BOOL_CONVERSION = YES;
				CLANG_WARN_COMMA = YES;
				CLANG_WARN_CONSTANT_CONVERSION = YES;
				CLANG_WARN_DEPRECATED_OBJC_IMPLEMENTATIONS = YES;
				CLANG_WARN_DIRECT_OBJC_ISA_USAGE = YES_ERROR;
				CLANG_WARN_DOCUMENTATION_COMMENTS = YES;
				CLANG_WARN_EMPTY_BODY = YES;
				CLANG_WARN_ENUM_CONVERSION = YES;
				CLANG_WARN_INFINITE_RECURSION = YES;
				CLANG_WARN_INT_CONVERSION = YES;
				CLANG_WARN_NON_LITERAL_NULL_CONVERSION = YES;
				CLANG_WARN_OBJC_IMPLICIT_RETAIN_SELF = YES;
				CLANG_WARN_OBJC_LITERAL_CONVERSION = YES;
				CLANG_WARN_OBJC_ROOT_CLASS = YES_ERROR;
				CLANG_WARN_QUOTED_INCLUDE_IN_FRAMEWORK_HEADER = YES;
				CLANG_WARN_RANGE_LOOP_ANALYSIS = YES;
				CLANG_WARN_STRICT_PROTOTYPES = YES;
				CLANG_WARN_SUSPICIOUS_MOVE = YES;
				CLANG_WARN_UNGUARDED_AVAILABILITY = YES_AGGRESSIVE;
				CLANG_WARN_UNREACHABLE_CODE = YES;
				CLANG_WARN__DUPLICATE_METHOD_MATCH = YES;
				COPY_PHASE_STRIP = NO;
				DEBUG_INFORMATION_FORMAT = dwarf;
				ENABLE_STRICT_OBJC_MSGSEND = YES;
				ENABLE_TESTABILITY = YES;
				GCC_C_LANGUAGE_STANDARD = gnu11;
				GCC_DYNAMIC_NO_PIC = NO;
				GCC_NO_COMMON_BLOCKS = YES;
				GCC_OPTIMIZATION_LEVEL = 0;
				GCC_PREPROCESSOR_DEFINITIONS = (
					"DEBUG=1",
					"$(inherited)",
				);
				GCC_WARN_64_TO_32_BIT_CONVERSION = YES;
				GCC_WARN_ABOUT_RETURN_TYPE = YES_ERROR;
				GCC_WARN_UNDECLARED_SELECTOR = YES;
				GCC_WARN_UNINITIALIZED_AUTOS = YES_AGGRESSIVE;
				GCC_WARN_UNUSED_FUNCTION = YES;
				GCC_WARN_UNUSED_VARIABLE = YES;
				IPHONEOS_DEPLOYMENT_TARGET = 16.0;
				MTL_ENABLE_DEBUG_INFO = INCLUDE_SOURCE;
				MTL_FAST_MATH = YES;
				ONLY_ACTIVE_ARCH = YES;
				SDKROOT = iphoneos;
				SWIFT_ACTIVE_COMPILATION_CONDITIONS = DEBUG;
				SWIFT_OPTIMIZATION_LEVEL = "-Onone";
			};
			name = Debug;
		};
		55559B642924FB9300B58E1E /* Release */ = {
			isa = XCBuildConfiguration;
			buildSettings = {
				ALWAYS_SEARCH_USER_PATHS = NO;
				CLANG_ANALYZER_NONNULL = YES;
				CLANG_ANALYZER_NUMBER_OBJECT_CONVERSION = YES_AGGRESSIVE;
				CLANG_CXX_LANGUAGE_STANDARD = "gnu++20";
				CLANG_ENABLE_MODULES = YES;
				CLANG_ENABLE_OBJC_ARC = YES;
				CLANG_ENABLE_OBJC_WEAK = YES;
				CLANG_WARN_BLOCK_CAPTURE_AUTORELEASING = YES;
				CLANG_WARN_BOOL_CONVERSION = YES;
				CLANG_WARN_COMMA = YES;
				CLANG_WARN_CONSTANT_CONVERSION = YES;
				CLANG_WARN_DEPRECATED_OBJC_IMPLEMENTATIONS = YES;
				CLANG_WARN_DIRECT_OBJC_ISA_USAGE = YES_ERROR;
				CLANG_WARN_DOCUMENTATION_COMMENTS = YES;
				CLANG_WARN_EMPTY_BODY = YES;
				CLANG_WARN_ENUM_CONVERSION = YES;
				CLANG_WARN_INFINITE_RECURSION = YES;
				CLANG_WARN_INT_CONVERSION = YES;
				CLANG_WARN_NON_LITERAL_NULL_CONVERSION = YES;
				CLANG_WARN_OBJC_IMPLICIT_RETAIN_SELF = YES;
				CLANG_WARN_OBJC_LITERAL_CONVERSION = YES;
				CLANG_WARN_OBJC_ROOT_CLASS = YES_ERROR;
				CLANG_WARN_QUOTED_INCLUDE_IN_FRAMEWORK_HEADER = YES;
				CLANG_WARN_RANGE_LOOP_ANALYSIS = YES;
				CLANG_WARN_STRICT_PROTOTYPES = YES;
				CLANG_WARN_SUSPICIOUS_MOVE = YES;
				CLANG_WARN_UNGUARDED_AVAILABILITY = YES_AGGRESSIVE;
				CLANG_WARN_UNREACHABLE_CODE = YES;
				CLANG_WARN__DUPLICATE_METHOD_MATCH = YES;
				COPY_PHASE_STRIP = NO;
				DEBUG_INFORMATION_FORMAT = "dwarf-with-dsym";
				ENABLE_NS_ASSERTIONS = NO;
				ENABLE_STRICT_OBJC_MSGSEND = YES;
				GCC_C_LANGUAGE_STANDARD = gnu11;
				GCC_NO_COMMON_BLOCKS = YES;
				GCC_WARN_64_TO_32_BIT_CONVERSION = YES;
				GCC_WARN_ABOUT_RETURN_TYPE = YES_ERROR;
				GCC_WARN_UNDECLARED_SELECTOR = YES;
				GCC_WARN_UNINITIALIZED_AUTOS = YES_AGGRESSIVE;
				GCC_WARN_UNUSED_FUNCTION = YES;
				GCC_WARN_UNUSED_VARIABLE = YES;
				IPHONEOS_DEPLOYMENT_TARGET = 16.0;
				MTL_ENABLE_DEBUG_INFO = NO;
				MTL_FAST_MATH = YES;
				SDKROOT = iphoneos;
				SWIFT_COMPILATION_MODE = wholemodule;
				SWIFT_OPTIMIZATION_LEVEL = "-O";
				VALIDATE_PRODUCT = YES;
			};
			name = Release;
		};
		55559B662924FB9300B58E1E /* Debug */ = {
			isa = XCBuildConfiguration;
			buildSettings = {
				ASSETCATALOG_COMPILER_APPICON_NAME = AppIcon;
				ASSETCATALOG_COMPILER_GLOBAL_ACCENT_COLOR_NAME = AccentColor;
				CODE_SIGN_STYLE = Automatic;
				CURRENT_PROJECT_VERSION = 1;
				DEVELOPMENT_ASSET_PATHS = "\"StatusApp/Preview Content\"";
				DEVELOPMENT_TEAM = RL2G686AG6;
				ENABLE_PREVIEWS = YES;
				GENERATE_INFOPLIST_FILE = YES;
				INFOPLIST_KEY_UIApplicationSceneManifest_Generation = YES;
				INFOPLIST_KEY_UIApplicationSupportsIndirectInputEvents = YES;
				INFOPLIST_KEY_UILaunchScreen_Generation = YES;
				INFOPLIST_KEY_UISupportedInterfaceOrientations_iPad = "UIInterfaceOrientationPortrait UIInterfaceOrientationPortraitUpsideDown UIInterfaceOrientationLandscapeLeft UIInterfaceOrientationLandscapeRight";
				INFOPLIST_KEY_UISupportedInterfaceOrientations_iPhone = "UIInterfaceOrientationPortrait UIInterfaceOrientationLandscapeLeft UIInterfaceOrientationLandscapeRight";
				LD_RUNPATH_SEARCH_PATHS = (
					"$(inherited)",
					"@executable_path/Frameworks",
				);
				MARKETING_VERSION = 1.0;
				PRODUCT_BUNDLE_IDENTIFIER = parker.StatusApp;
				PRODUCT_NAME = "$(TARGET_NAME)";
				SWIFT_EMIT_LOC_STRINGS = YES;
				SWIFT_VERSION = 5.0;
				TARGETED_DEVICE_FAMILY = "1,2";
			};
			name = Debug;
		};
		55559B672924FB9300B58E1E /* Release */ = {
			isa = XCBuildConfiguration;
			buildSettings = {
				ASSETCATALOG_COMPILER_APPICON_NAME = AppIcon;
				ASSETCATALOG_COMPILER_GLOBAL_ACCENT_COLOR_NAME = AccentColor;
				CODE_SIGN_STYLE = Automatic;
				CURRENT_PROJECT_VERSION = 1;
				DEVELOPMENT_ASSET_PATHS = "\"StatusApp/Preview Content\"";
				DEVELOPMENT_TEAM = RL2G686AG6;
				ENABLE_PREVIEWS = YES;
				GENERATE_INFOPLIST_FILE = YES;
				INFOPLIST_KEY_UIApplicationSceneManifest_Generation = YES;
				INFOPLIST_KEY_UIApplicationSupportsIndirectInputEvents = YES;
				INFOPLIST_KEY_UILaunchScreen_Generation = YES;
				INFOPLIST_KEY_UISupportedInterfaceOrientations_iPad = "UIInterfaceOrientationPortrait UIInterfaceOrientationPortraitUpsideDown UIInterfaceOrientationLandscapeLeft UIInterfaceOrientationLandscapeRight";
				INFOPLIST_KEY_UISupportedInterfaceOrientations_iPhone = "UIInterfaceOrientationPortrait UIInterfaceOrientationLandscapeLeft UIInterfaceOrientationLandscapeRight";
				LD_RUNPATH_SEARCH_PATHS = (
					"$(inherited)",
					"@executable_path/Frameworks",
				);
				MARKETING_VERSION = 1.0;
				PRODUCT_BUNDLE_IDENTIFIER = parker.StatusApp;
				PRODUCT_NAME = "$(TARGET_NAME)";
				SWIFT_EMIT_LOC_STRINGS = YES;
				SWIFT_VERSION = 5.0;
				TARGETED_DEVICE_FAMILY = "1,2";
			};
			name = Release;
		};
/* End XCBuildConfiguration section */

/* Begin XCConfigurationList section */
		55559B522924FB9200B58E1E /* Build configuration list for PBXProject "StatusApp" */ = {
			isa = XCConfigurationList;
			buildConfigurations = (
				55559B632924FB9300B58E1E /* Debug */,
				55559B642924FB9300B58E1E /* Release */,
			);
			defaultConfigurationIsVisible = 0;
			defaultConfigurationName = Release;
		};
		55559B652924FB9300B58E1E /* Build configuration list for PBXNativeTarget "StatusApp" */ = {
			isa = XCConfigurationList;
			buildConfigurations = (
				55559B662924FB9300B58E1E /* Debug */,
				55559B672924FB9300B58E1E /* Release */,
			);
			defaultConfigurationIsVisible = 0;
			defaultConfigurationName = Release;
		};
/* End XCConfigurationList section */

/* Begin XCRemoteSwiftPackageReference section */
		55A24027292E32C900F4956F /* XCRemoteSwiftPackageReference "SignalR-Client-Swift" */ = {
			isa = XCRemoteSwiftPackageReference;
			repositoryURL = "https://github.com/moozzyk/SignalR-Client-Swift";
			requirement = {
				kind = upToNextMajorVersion;
				minimumVersion = 0.9.1;
			};
		};
/* End XCRemoteSwiftPackageReference section */

/* Begin XCSwiftPackageProductDependency section */
		55A24028292E32C900F4956F /* SignalRClient */ = {
			isa = XCSwiftPackageProductDependency;
			package = 55A24027292E32C900F4956F /* XCRemoteSwiftPackageReference "SignalR-Client-Swift" */;
			productName = SignalRClient;
		};
/* End XCSwiftPackageProductDependency section */
	};
	rootObject = 55559B4F2924FB9200B58E1E /* Project object */;
}
